
Microsoft Visual Studio Solution File, Format Version 11.00
# Visual Studio 2010
Project("{FAE04EC0-301F-11D3-BF4B-00C04F79EFBC}") = "CFXRRuntime", "CFXRRuntime.csproj", "{370e0187-461f-2a1a-1b90-597d1576fa93}"
EndProject
Project("{FAE04EC0-301F-11D3-BF4B-00C04F79EFBC}") = "CFXRDemo", "CFXRDemo.csproj", "{8883589b-15f2-773d-1fa0-e22825db43fa}"
EndProject
Project("{FAE04EC0-301F-11D3-BF4B-00C04F79EFBC}") = "CFXREditor", "CFXREditor.csproj", "{392a6b02-ca71-2a74-c37f-7d0b2c85b444}"
EndProject
Project("{FAE04EC0-301F-11D3-BF4B-00C04F79EFBC}") = "Assembly-CSharp", "Assembly-CSharp.csproj", "{34408e6a-80f2-564f-fffc-9c8fa9e78eda}"
EndProject
Project("{FAE04EC0-301F-11D3-BF4B-00C04F79EFBC}") = "KinoBloom.Runtime", "KinoBloom.Runtime.csproj", "{6eae7d55-4cf8-01a5-c437-77d9b31f8873}"
EndProject
Project("{FAE04EC0-301F-11D3-BF4B-00C04F79EFBC}") = "CFXR.WelcomeScreen", "CFXR.WelcomeScreen.csproj", "{920261e0-d6da-ebcb-ecee-f2a8d2d34ee2}"
EndProject
Project("{FAE04EC0-301F-11D3-BF4B-00C04F79EFBC}") = "ToonyColorsPro.Demo.Editor", "ToonyColorsPro.Demo.Editor.csproj", "{c79d1c5c-96b1-a9c6-63b4-2b3283900d29}"
EndProject
Global
	GlobalSection(SolutionConfigurationPlatforms) = preSolution
		Debug|Any CPU = Debug|Any CPU
	EndGlobalSection
	GlobalSection(ProjectConfigurationPlatforms) = postSolution
		{370e0187-461f-2a1a-1b90-597d1576fa93}.Debug|Any CPU.ActiveCfg = Debug|Any CPU
		{370e0187-461f-2a1a-1b90-597d1576fa93}.Debug|Any CPU.Build.0 = Debug|Any CPU
		{8883589b-15f2-773d-1fa0-e22825db43fa}.Debug|Any CPU.ActiveCfg = Debug|Any CPU
		{8883589b-15f2-773d-1fa0-e22825db43fa}.Debug|Any CPU.Build.0 = Debug|Any CPU
		{392a6b02-ca71-2a74-c37f-7d0b2c85b444}.Debug|Any CPU.ActiveCfg = Debug|Any CPU
		{392a6b02-ca71-2a74-c37f-7d0b2c85b444}.Debug|Any CPU.Build.0 = Debug|Any CPU
		{34408e6a-80f2-564f-fffc-9c8fa9e78eda}.Debug|Any CPU.ActiveCfg = Debug|Any CPU
		{34408e6a-80f2-564f-fffc-9c8fa9e78eda}.Debug|Any CPU.Build.0 = Debug|Any CPU
		{6eae7d55-4cf8-01a5-c437-77d9b31f8873}.Debug|Any CPU.ActiveCfg = Debug|Any CPU
		{6eae7d55-4cf8-01a5-c437-77d9b31f8873}.Debug|Any CPU.Build.0 = Debug|Any CPU
		{920261e0-d6da-ebcb-ecee-f2a8d2d34ee2}.Debug|Any CPU.ActiveCfg = Debug|Any CPU
		{920261e0-d6da-ebcb-ecee-f2a8d2d34ee2}.Debug|Any CPU.Build.0 = Debug|Any CPU
		{c79d1c5c-96b1-a9c6-63b4-2b3283900d29}.Debug|Any CPU.ActiveCfg = Debug|Any CPU
		{c79d1c5c-96b1-a9c6-63b4-2b3283900d29}.Debug|Any CPU.Build.0 = Debug|Any CPU
	EndGlobalSection
	GlobalSection(SolutionProperties) = preSolution
		HideSolutionNode = FALSE
	EndGlobalSection
EndGlobal
